{
    "doctrine/annotations": {
        "version": "1.13",
        "recipe": {
            "repo": "github.com/symfony/recipes",
            "branch": "master",
            "version": "1.10",
            "ref": "64d8583af5ea57b7afa4aba4b159907f3a148b05"
        }
    },
    "doctrine/inflector": {
        "version": "2.0.4"
    },
    "doctrine/lexer": {
        "version": "1.2.3"
    },
    "myclabs/deep-copy": {
        "version": "1.11.0"
    },
    "nikic/php-parser": {
        "version": "v4.13.2"
    },
    "phar-io/manifest": {
        "version": "2.0.3"
    },
    "phar-io/version": {
        "version": "3.2.1"
    },
    "phpspec/prophecy": {
        "version": "v1.15.0"
    },
    "phpunit/php-code-coverage": {
        "version": "9.2.15"
    },
    "phpunit/php-file-iterator": {
        "version": "3.0.6"
    },
    "phpunit/php-invoker": {
        "version": "3.1.1"
    },
    "phpunit/php-text-template": {
        "version": "2.0.4"
    },
    "phpunit/php-timer": {
        "version": "5.0.3"
    },
    "phpunit/phpunit": {
        "version": "12.2",
        "recipe": {
            "repo": "github.com/symfony/recipes",
            "branch": "main",
            "version": "11.1",
            "ref": "c6658a60fc9d594805370eacdf542c3d6b5c0869"
        },
        "files": [
            ".env.test",
            "bin/phpunit",
            "phpunit.xml.dist",
            "tests/bootstrap.php"
        ]
    },
    "psr/cache": {
        "version": "3.0.0"
    },
    "psr/container": {
        "version": "2.0.2"
    },
    "psr/event-dispatcher": {
        "version": "1.0.0"
    },
    "psr/log": {
        "version": "3.0.0"
    },
    "sebastian/cli-parser": {
        "version": "1.0.1"
    },
    "sebastian/comparator": {
        "version": "4.0.6"
    },
    "sebastian/complexity": {
        "version": "2.0.2"
    },
    "sebastian/diff": {
        "version": "4.0.4"
    },
    "sebastian/environment": {
        "version": "5.1.4"
    },
    "sebastian/exporter": {
        "version": "4.0.4"
    },
    "sebastian/global-state": {
        "version": "5.0.5"
    },
    "sebastian/lines-of-code": {
        "version": "1.0.3"
    },
    "sebastian/object-enumerator": {
        "version": "4.0.4"
    },
    "sebastian/object-reflector": {
        "version": "2.0.4"
    },
    "sebastian/recursion-context": {
        "version": "4.0.4"
    },
    "sebastian/type": {
        "version": "3.0.0"
    },
    "sebastian/version": {
        "version": "3.0.2"
    },
    "sensio/framework-extra-bundle": {
        "version": "6.2",
        "recipe": {
            "repo": "github.com/symfony/recipes",
            "branch": "master",
            "version": "5.2",
            "ref": "fb7e19da7f013d0d422fa9bce16f5c510e27609b"
        },
        "files": [
            "config/packages/sensio_framework_extra.yaml"
        ]
    },
    "symfony/browser-kit": {
        "version": "v6.0.3"
    },
    "symfony/cache": {
        "version": "v6.0.6"
    },
    "symfony/cache-contracts": {
        "version": "v3.0.1"
    },
    "symfony/config": {
        "version": "v6.0.7"
    },
    "symfony/console": {
        "version": "7.3",
        "recipe": {
            "repo": "github.com/symfony/recipes",
            "branch": "main",
            "version": "5.3",
            "ref": "1781ff40d8a17d87cf53f8d4cf0c8346ed2bb461"
        },
        "files": [
            "bin/console"
        ]
    },
    "symfony/css-selector": {
        "version": "v6.0.3"
    },
    "symfony/dependency-injection": {
        "version": "v6.0.7"
    },
    "symfony/deprecation-contracts": {
        "version": "v3.0.1"
    },
    "symfony/dom-crawler": {
        "version": "v6.0.6"
    },
    "symfony/dotenv": {
        "version": "v6.0.5"
    },
    "symfony/error-handler": {
        "version": "v6.0.7"
    },
    "symfony/event-dispatcher": {
        "version": "v6.0.3"
    },
    "symfony/event-dispatcher-contracts": {
        "version": "v3.0.1"
    },
    "symfony/filesystem": {
        "version": "v6.0.7"
    },
    "symfony/finder": {
        "version": "v6.0.3"
    },
    "symfony/flex": {
        "version": "2.7",
        "recipe": {
            "repo": "github.com/symfony/recipes",
            "branch": "main",
            "version": "2.4",
            "ref": "52e9754527a15e2b79d9a610f98185a1fe46622a"
        },
        "files": [
            ".env",
            ".env.dev"
        ]
    },
    "symfony/framework-bundle": {
        "version": "7.3",
        "recipe": {
            "repo": "github.com/symfony/recipes",
            "branch": "main",
            "version": "7.3",
            "ref": "5a1497d539f691b96afd45ae397ce5fe30beb4b9"
        },
        "files": [
            ".editorconfig",
            "config/packages/cache.yaml",
            "config/packages/framework.yaml",
            "config/preload.php",
            "config/routes/framework.yaml",
            "config/services.yaml",
            "public/index.php",
            "src/Controller/.gitignore",
            "src/Kernel.php"
        ]
    },
    "symfony/http-foundation": {
        "version": "v6.0.7"
    },
    "symfony/http-kernel": {
        "version": "v6.0.7"
    },
    "symfony/maker-bundle": {
        "version": "1.38",
        "recipe": {
            "repo": "github.com/symfony/recipes",
            "branch": "master",
            "version": "1.0",
            "ref": "fadbfe33303a76e25cb63401050439aa9b1a9c7f"
        }
    },
    "symfony/monolog-bundle": {
        "version": "3.10",
        "recipe": {
            "repo": "github.com/symfony/recipes",
            "branch": "main",
            "version": "3.7",
            "ref": "aff23899c4440dd995907613c1dd709b6f59503f"
        },
        "files": [
            "config/packages/monolog.yaml"
        ]
    },
    "symfony/phpunit-bridge": {
        "version": "7.3",
        "recipe": {
            "repo": "github.com/symfony/recipes",
            "branch": "main",
            "version": "7.3",
            "ref": "dc13fec96bd527bd399c3c01f0aab915c67fd544"
        },
        "files": []
    },
    "symfony/polyfill-intl-grapheme": {
        "version": "v1.25.0"
    },
    "symfony/polyfill-intl-normalizer": {
        "version": "v1.25.0"
    },
    "symfony/polyfill-mbstring": {
        "version": "v1.25.0"
    },
    "symfony/polyfill-php81": {
        "version": "v1.25.0"
    },
    "symfony/property-info": {
        "version": "7.3",
        "recipe": {
            "repo": "github.com/symfony/recipes",
            "branch": "main",
            "version": "7.3",
            "ref": "dae70df71978ae9226ae915ffd5fad817f5ca1f7"
        },
        "files": [
            "config/packages/property_info.yaml"
        ]
    },
    "symfony/routing": {
        "version": "7.3",
        "recipe": {
            "repo": "github.com/symfony/recipes",
            "branch": "main",
            "version": "7.0",
            "ref": "21b72649d5622d8f7da329ffb5afb232a023619d"
        },
        "files": [
            "config/packages/routing.yaml",
            "config/routes.yaml"
        ]
    },
    "symfony/runtime": {
        "version": "v6.0.7"
    },
    "symfony/service-contracts": {
        "version": "v3.0.1"
    },
    "symfony/string": {
        "version": "v6.0.3"
    },
    "symfony/validator": {
        "version": "7.3",
        "recipe": {
            "repo": "github.com/symfony/recipes",
            "branch": "main",
            "version": "7.0",
            "ref": "8c1c4e28d26a124b0bb273f537ca8ce443472bfd"
        },
        "files": [
            "config/packages/validator.yaml"
        ]
    },
    "symfony/var-dumper": {
        "version": "v6.0.6"
    },
    "symfony/var-exporter": {
        "version": "v6.0.7"
    },
    "symfony/yaml": {
        "version": "v6.0.3"
    },
    "theseer/tokenizer": {
        "version": "1.2.1"
    }
}
